// !$*UTF8*$!
{
	archiveVersion = 1;
	classes = {
	};
	objectVersion = 55;
	objects = {

/* Begin PBXBuildFile section */
		1F9198B928A7DE6E007C099F /* AppDelegate.swift in Sources */ = {isa = PBXBuildFile; fileRef = 1F9198B828A7DE6E007C099F /* AppDelegate.swift */; };
		1F9198BB28A7DE6E007C099F /* SceneDelegate.swift in Sources */ = {isa = PBXBuildFile; fileRef = 1F9198BA28A7DE6E007C099F /* SceneDelegate.swift */; };
		1F9198BD28A7DE6E007C099F /* ViewController.swift in Sources */ = {isa = PBXBuildFile; fileRef = 1F9198BC28A7DE6E007C099F /* ViewController.swift */; };
		1F9198C028A7DE6E007C099F /* Main.storyboard in Resources */ = {isa = PBXBuildFile; fileRef = 1F9198BE28A7DE6E007C099F /* Main.storyboard */; };
		1F9198C228A7DE6E007C099F /* Assets.xcassets in Resources */ = {isa = PBXBuildFile; fileRef = 1F9198C128A7DE6E007C099F /* Assets.xcassets */; };
		1F9198C528A7DE6E007C099F /* LaunchScreen.storyboard in Resources */ = {isa = PBXBuildFile; fileRef = 1F9198C328A7DE6E007C099F /* LaunchScreen.storyboard */; };
		1F9198D028A7DE6F007C099F /* Say__Tahmin_EtTests.swift in Sources */ = {isa = PBXBuildFile; fileRef = 1F9198CF28A7DE6F007C099F /* Say__Tahmin_EtTests.swift */; };
		1F9198DA28A7DE6F007C099F /* Say__Tahmin_EtUITests.swift in Sources */ = {isa = PBXBuildFile; fileRef = 1F9198D928A7DE6F007C099F /* Say__Tahmin_EtUITests.swift */; };
		1F9198DC28A7DE6F007C099F /* Say__Tahmin_EtUITestsLaunchTests.swift in Sources */ = {isa = PBXBuildFile; fileRef = 1F9198DB28A7DE6F007C099F /* Say__Tahmin_EtUITestsLaunchTests.swift */; };
		1F9198E928A7DED5007C099F /* TahminEkraniVC.swift in Sources */ = {isa = PBXBuildFile; fileRef = 1F9198E828A7DED5007C099F /* TahminEkraniVC.swift */; };
		1F9198EB28A7DEEF007C099F /* SonucEkraniVC.swift in Sources */ = {isa = PBXBuildFile; fileRef = 1F9198EA28A7DEEF007C099F /* SonucEkraniVC.swift */; };
/* End PBXBuildFile section */

/* Begin PBXContainerItemProxy section */
		1F9198CC28A7DE6F007C099F /* PBXContainerItemProxy */ = {
			isa = PBXContainerItemProxy;
			containerPortal = 1F9198AD28A7DE6E007C099F /* Project object */;
			proxyType = 1;
			remoteGlobalIDString = 1F9198B428A7DE6E007C099F;
			remoteInfo = "Sayı Tahmin Et";
		};
		1F9198D628A7DE6F007C099F /* PBXContainerItemProxy */ = {
			isa = PBXContainerItemProxy;
			containerPortal = 1F9198AD28A7DE6E007C099F /* Project object */;
			proxyType = 1;
			remoteGlobalIDString = 1F9198B428A7DE6E007C099F;
			remoteInfo = "Sayı Tahmin Et";
		};
/* End PBXContainerItemProxy section */

/* Begin PBXFileReference section */
		1F9198B528A7DE6E007C099F /* Sayı Tahmin Et.app */ = {isa = PBXFileReference; explicitFileType = wrapper.application; includeInIndex = 0; path = "Sayı Tahmin Et.app"; sourceTree = BUILT_PRODUCTS_DIR; };
		1F9198B828A7DE6E007C099F /* AppDelegate.swift */ = {isa = PBXFileReference; lastKnownFileType = sourcecode.swift; path = AppDelegate.swift; sourceTree = "<group>"; };
		1F9198BA28A7DE6E007C099F /* SceneDelegate.swift */ = {isa = PBXFileReference; lastKnownFileType = sourcecode.swift; path = SceneDelegate.swift; sourceTree = "<group>"; };
		1F9198BC28A7DE6E007C099F /* ViewController.swift */ = {isa = PBXFileReference; lastKnownFileType = sourcecode.swift; path = ViewController.swift; sourceTree = "<group>"; };
		1F9198BF28A7DE6E007C099F /* Base */ = {isa = PBXFileReference; lastKnownFileType = file.storyboard; name = Base; path = Base.lproj/Main.storyboard; sourceTree = "<group>"; };
		1F9198C128A7DE6E007C099F /* Assets.xcassets */ = {isa = PBXFileReference; lastKnownFileType = folder.assetcatalog; path = Assets.xcassets; sourceTree = "<group>"; };
		1F9198C428A7DE6E007C099F /* Base */ = {isa = PBXFileReference; lastKnownFileType = file.storyboard; name = Base; path = Base.lproj/LaunchScreen.storyboard; sourceTree = "<group>"; };
		1F9198C628A7DE6E007C099F /* Info.plist */ = {isa = PBXFileReference; lastKnownFileType = text.plist.xml; path = Info.plist; sourceTree = "<group>"; };
		1F9198CB28A7DE6F007C099F /* Sayı Tahmin EtTests.xctest */ = {isa = PBXFileReference; explicitFileType = wrapper.cfbundle; includeInIndex = 0; path = "Sayı Tahmin EtTests.xctest"; sourceTree = BUILT_PRODUCTS_DIR; };
		1F9198CF28A7DE6F007C099F /* Say__Tahmin_EtTests.swift */ = {isa = PBXFileReference; lastKnownFileType = sourcecode.swift; path = Say__Tahmin_EtTests.swift; sourceTree = "<group>"; };
		1F9198D528A7DE6F007C099F /* Sayı Tahmin EtUITests.xctest */ = {isa = PBXFileReference; explicitFileType = wrapper.cfbundle; includeInIndex = 0; path = "Sayı Tahmin EtUITests.xctest"; sourceTree = BUILT_PRODUCTS_DIR; };
		1F9198D928A7DE6F007C099F /* Say__Tahmin_EtUITests.swift */ = {isa = PBXFileReference; lastKnownFileType = sourcecode.swift; path = Say__Tahmin_EtUITests.swift; sourceTree = "<group>"; };
		1F9198DB28A7DE6F007C099F /* Say__Tahmin_EtUITestsLaunchTests.swift */ = {isa = PBXFileReference; lastKnownFileType = sourcecode.swift; path = Say__Tahmin_EtUITestsLaunchTests.swift; sourceTree = "<group>"; };
		1F9198E828A7DED5007C099F /* TahminEkraniVC.swift */ = {isa = PBXFileReference; lastKnownFileType = sourcecode.swift; path = TahminEkraniVC.swift; sourceTree = "<group>"; };
		1F9198EA28A7DEEF007C099F /* SonucEkraniVC.swift */ = {isa = PBXFileReference; lastKnownFileType = sourcecode.swift; path = SonucEkraniVC.swift; sourceTree = "<group>"; };
/* End PBXFileReference section */

/* Begin PBXFrameworksBuildPhase section */
		1F9198B228A7DE6E007C099F /* Frameworks */ = {
			isa = PBXFrameworksBuildPhase;
			buildActionMask = 2147483647;
			files = (
			);
			runOnlyForDeploymentPostprocessing = 0;
		};
		1F9198C828A7DE6F007C099F /* Frameworks */ = {
			isa = PBXFrameworksBuildPhase;
			buildActionMask = 2147483647;
			files = (
			);
			runOnlyForDeploymentPostprocessing = 0;
		};
		1F9198D228A7DE6F007C099F /* Frameworks */ = {
			isa = PBXFrameworksBuildPhase;
			buildActionMask = 2147483647;
			files = (
			);
			runOnlyForDeploymentPostprocessing = 0;
		};
/* End PBXFrameworksBuildPhase section */

/* Begin PBXGroup section */
		1F9198AC28A7DE6E007C099F = {
			isa = PBXGroup;
			children = (
				1F9198B728A7DE6E007C099F /* Sayı Tahmin Et */,
				1F9198CE28A7DE6F007C099F /* Sayı Tahmin EtTests */,
				1F9198D828A7DE6F007C099F /* Sayı Tahmin EtUITests */,
				1F9198B628A7DE6E007C099F /* Products */,
			);
			sourceTree = "<group>";
		};
		1F9198B628A7DE6E007C099F /* Products */ = {
			isa = PBXGroup;
			children = (
				1F9198B528A7DE6E007C099F /* Sayı Tahmin Et.app */,
				1F9198CB28A7DE6F007C099F /* Sayı Tahmin EtTests.xctest */,
				1F9198D528A7DE6F007C099F /* Sayı Tahmin EtUITests.xctest */,
			);
			name = Products;
			sourceTree = "<group>";
		};
		1F9198B728A7DE6E007C099F /* Sayı Tahmin Et */ = {
			isa = PBXGroup;
			children = (
				1F9198B828A7DE6E007C099F /* AppDelegate.swift */,
				1F9198BA28A7DE6E007C099F /* SceneDelegate.swift */,
				1F9198BE28A7DE6E007C099F /* Main.storyboard */,
				1F9198C128A7DE6E007C099F /* Assets.xcassets */,
				1F9198C328A7DE6E007C099F /* LaunchScreen.storyboard */,
				1F9198C628A7DE6E007C099F /* Info.plist */,
				1F9198BC28A7DE6E007C099F /* ViewController.swift */,
				1F9198E828A7DED5007C099F /* TahminEkraniVC.swift */,
				1F9198EA28A7DEEF007C099F /* SonucEkraniVC.swift */,
			);
			path = "Sayı Tahmin Et";
			sourceTree = "<group>";
		};
		1F9198CE28A7DE6F007C099F /* Sayı Tahmin EtTests */ = {
			isa = PBXGroup;
			children = (
				1F9198CF28A7DE6F007C099F /* Say__Tahmin_EtTests.swift */,
			);
			path = "Sayı Tahmin EtTests";
			sourceTree = "<group>";
		};
		1F9198D828A7DE6F007C099F /* Sayı Tahmin EtUITests */ = {
			isa = PBXGroup;
			children = (
				1F9198D928A7DE6F007C099F /* Say__Tahmin_EtUITests.swift */,
				1F9198DB28A7DE6F007C099F /* Say__Tahmin_EtUITestsLaunchTests.swift */,
			);
			path = "Sayı Tahmin EtUITests";
			sourceTree = "<group>";
		};
/* End PBXGroup section */

/* Begin PBXNativeTarget section */
		1F9198B428A7DE6E007C099F /* Sayı Tahmin Et */ = {
			isa = PBXNativeTarget;
			buildConfigurationList = 1F9198DF28A7DE6F007C099F /* Build configuration list for PBXNativeTarget "Sayı Tahmin Et" */;
			buildPhases = (
				1F9198B128A7DE6E007C099F /* Sources */,
				1F9198B228A7DE6E007C099F /* Frameworks */,
				1F9198B328A7DE6E007C099F /* Resources */,
			);
			buildRules = (
			);
			dependencies = (
			);
			name = "Sayı Tahmin Et";
			productName = "Sayı Tahmin Et";
			productReference = 1F9198B528A7DE6E007C099F /* Sayı Tahmin Et.app */;
			productType = "com.apple.product-type.application";
		};
		1F9198CA28A7DE6F007C099F /* Sayı Tahmin EtTests */ = {
			isa = PBXNativeTarget;
			buildConfigurationList = 1F9198E228A7DE6F007C099F /* Build configuration list for PBXNativeTarget "Sayı Tahmin EtTests" */;
			buildPhases = (
				1F9198C728A7DE6F007C099F /* Sources */,
				1F9198C828A7DE6F007C099F /* Frameworks */,
				1F9198C928A7DE6F007C099F /* Resources */,
			);
			buildRules = (
			);
			dependencies = (
				1F9198CD28A7DE6F007C099F /* PBXTargetDependency */,
			);
			name = "Sayı Tahmin EtTests";
			productName = "Sayı Tahmin EtTests";
			productReference = 1F9198CB28A7DE6F007C099F /* Sayı Tahmin EtTests.xctest */;
			productType = "com.apple.product-type.bundle.unit-test";
		};
		1F9198D428A7DE6F007C099F /* Sayı Tahmin EtUITests */ = {
			isa = PBXNativeTarget;
			buildConfigurationList = 1F9198E528A7DE6F007C099F /* Build configuration list for PBXNativeTarget "Sayı Tahmin EtUITests" */;
			buildPhases = (
				1F9198D128A7DE6F007C099F /* Sources */,
				1F9198D228A7DE6F007C099F /* Frameworks */,
				1F9198D328A7DE6F007C099F /* Resources */,
			);
			buildRules = (
			);
			dependencies = (
				1F9198D728A7DE6F007C099F /* PBXTargetDependency */,
			);
			name = "Sayı Tahmin EtUITests";
			productName = "Sayı Tahmin EtUITests";
			productReference = 1F9198D528A7DE6F007C099F /* Sayı Tahmin EtUITests.xctest */;
			productType = "com.apple.product-type.bundle.ui-testing";
		};
/* End PBXNativeTarget section */

/* Begin PBXProject section */
		1F9198AD28A7DE6E007C099F /* Project object */ = {
			isa = PBXProject;
			attributes = {
				BuildIndependentTargetsInParallel = 1;
				LastSwiftUpdateCheck = 1340;
				LastUpgradeCheck = 1340;
				TargetAttributes = {
					1F9198B428A7DE6E007C099F = {
						CreatedOnToolsVersion = 13.4.1;
					};
					1F9198CA28A7DE6F007C099F = {
						CreatedOnToolsVersion = 13.4.1;
						TestTargetID = 1F9198B428A7DE6E007C099F;
					};
					1F9198D428A7DE6F007C099F = {
						CreatedOnToolsVersion = 13.4.1;
						TestTargetID = 1F9198B428A7DE6E007C099F;
					};
				};
			};
			buildConfigurationList = 1F9198B028A7DE6E007C099F /* Build configuration list for PBXProject "Sayı Tahmin Et" */;
			compatibilityVersion = "Xcode 13.0";
			developmentRegion = en;
			hasScannedForEncodings = 0;
			knownRegions = (
				en,
				Base,
			);
			mainGroup = 1F9198AC28A7DE6E007C099F;
			productRefGroup = 1F9198B628A7DE6E007C099F /* Products */;
			projectDirPath = "";
			projectRoot = "";
			targets = (
				1F9198B428A7DE6E007C099F /* Sayı Tahmin Et */,
				1F9198CA28A7DE6F007C099F /* Sayı Tahmin EtTests */,
				1F9198D428A7DE6F007C099F /* Sayı Tahmin EtUITests */,
			);
		};
/* End PBXProject section */

/* Begin PBXResourcesBuildPhase section */
		1F9198B328A7DE6E007C099F /* Resources */ = {
			isa = PBXResourcesBuildPhase;
			buildActionMask = 2147483647;
			files = (
				1F9198C528A7DE6E007C099F /* LaunchScreen.storyboard in Resources */,
				1F9198C228A7DE6E007C099F /* Assets.xcassets in Resources */,
				1F9198C028A7DE6E007C099F /* Main.storyboard in Resources */,
			);
			runOnlyForDeploymentPostprocessing = 0;
		};
		1F9198C928A7DE6F007C099F /* Resources */ = {
			isa = PBXResourcesBuildPhase;
			buildActionMask = 2147483647;
			files = (
			);
			runOnlyForDeploymentPostprocessing = 0;
		};
		1F9198D328A7DE6F007C099F /* Resources */ = {
			isa = PBXResourcesBuildPhase;
			buildActionMask = 2147483647;
			files = (
			);
			runOnlyForDeploymentPostprocessing = 0;
		};
/* End PBXResourcesBuildPhase section */

/* Begin PBXSourcesBuildPhase section */
		1F9198B128A7DE6E007C099F /* Sources */ = {
			isa = PBXSourcesBuildPhase;
			buildActionMask = 2147483647;
			files = (
				1F9198EB28A7DEEF007C099F /* SonucEkraniVC.swift in Sources */,
				1F9198BD28A7DE6E007C099F /* ViewController.swift in Sources */,
				1F9198B928A7DE6E007C099F /* AppDelegate.swift in Sources */,
				1F9198BB28A7DE6E007C099F /* SceneDelegate.swift in Sources */,
				1F9198E928A7DED5007C099F /* TahminEkraniVC.swift in Sources */,
			);
			runOnlyForDeploymentPostprocessing = 0;
		};
		1F9198C728A7DE6F007C099F /* Sources */ = {
			isa = PBXSourcesBuildPhase;
			buildActionMask = 2147483647;
			files = (
				1F9198D028A7DE6F007C099F /* Say__Tahmin_EtTests.swift in Sources */,
			);
			runOnlyForDeploymentPostprocessing = 0;
		};
		1F9198D128A7DE6F007C099F /* Sources */ = {
			isa = PBXSourcesBuildPhase;
			buildActionMask = 2147483647;
			files = (
				1F9198DC28A7DE6F007C099F /* Say__Tahmin_EtUITestsLaunchTests.swift in Sources */,
				1F9198DA28A7DE6F007C099F /* Say__Tahmin_EtUITests.swift in Sources */,
			);
			runOnlyForDeploymentPostprocessing = 0;
		};
/* End PBXSourcesBuildPhase section */

/* Begin PBXTargetDependency section */
		1F9198CD28A7DE6F007C099F /* PBXTargetDependency */ = {
			isa = PBXTargetDependency;
			target = 1F9198B428A7DE6E007C099F /* Sayı Tahmin Et */;
			targetProxy = 1F9198CC28A7DE6F007C099F /* PBXContainerItemProxy */;
		};
		1F9198D728A7DE6F007C099F /* PBXTargetDependency */ = {
			isa = PBXTargetDependency;
			target = 1F9198B428A7DE6E007C099F /* Sayı Tahmin Et */;
			targetProxy = 1F9198D628A7DE6F007C099F /* PBXContainerItemProxy */;
		};
/* End PBXTargetDependency section */

/* Begin PBXVariantGroup section */
		1F9198BE28A7DE6E007C099F /* Main.storyboard */ = {
			isa = PBXVariantGroup;
			children = (
				1F9198BF28A7DE6E007C099F /* Base */,
			);
			name = Main.storyboard;
			sourceTree = "<group>";
		};
		1F9198C328A7DE6E007C099F /* LaunchScreen.storyboard */ = {
			isa = PBXVariantGroup;
			children = (
				1F9198C428A7DE6E007C099F /* Base */,
			);
			name = LaunchScreen.storyboard;
			sourceTree = "<group>";
		};
/* End PBXVariantGroup section */

/* Begin XCBuildConfiguration section */
		1F9198DD28A7DE6F007C099F /* Debug */ = {
			isa = XCBuildConfiguration;
			buildSettings = {
				ALWAYS_SEARCH_USER_PATHS = NO;
				CLANG_ANALYZER_NONNULL = YES;
				CLANG_ANALYZER_NUMBER_OBJECT_CONVERSION = YES_AGGRESSIVE;
				CLANG_CXX_LANGUAGE_STANDARD = "gnu++17";
				CLANG_ENABLE_MODULES = YES;
				CLANG_ENABLE_OBJC_ARC = YES;
				CLANG_ENABLE_OBJC_WEAK = YES;
				CLANG_WARN_BLOCK_CAPTURE_AUTORELEASING = YES;
				CLANG_WARN_BOOL_CONVERSION = YES;
				CLANG_WARN_COMMA = YES;
				CLANG_WARN_CONSTANT_CONVERSION = YES;
				CLANG_WARN_DEPRECATED_OBJC_IMPLEMENTATIONS = YES;
				CLANG_WARN_DIRECT_OBJC_ISA_USAGE = YES_ERROR;
				CLANG_WARN_DOCUMENTATION_COMMENTS = YES;
				CLANG_WARN_EMPTY_BODY = YES;
				CLANG_WARN_ENUM_CONVERSION = YES;
				CLANG_WARN_INFINITE_RECURSION = YES;
				CLANG_WARN_INT_CONVERSION = YES;
				CLANG_WARN_NON_LITERAL_NULL_CONVERSION = YES;
				CLANG_WARN_OBJC_IMPLICIT_RETAIN_SELF = YES;
				CLANG_WARN_OBJC_LITERAL_CONVERSION = YES;
				CLANG_WARN_OBJC_ROOT_CLASS = YES_ERROR;
				CLANG_WARN_QUOTED_INCLUDE_IN_FRAMEWORK_HEADER = YES;
				CLANG_WARN_RANGE_LOOP_ANALYSIS = YES;
				CLANG_WARN_STRICT_PROTOTYPES = YES;
				CLANG_WARN_SUSPICIOUS_MOVE = YES;
				CLANG_WARN_UNGUARDED_AVAILABILITY = YES_AGGRESSIVE;
				CLANG_WARN_UNREACHABLE_CODE = YES;
				CLANG_WARN__DUPLICATE_METHOD_MATCH = YES;
				COPY_PHASE_STRIP = NO;
				DEBUG_INFORMATION_FORMAT = dwarf;
				ENABLE_STRICT_OBJC_MSGSEND = YES;
				ENABLE_TESTABILITY = YES;
				GCC_C_LANGUAGE_STANDARD = gnu11;
				GCC_DYNAMIC_NO_PIC = NO;
				GCC_NO_COMMON_BLOCKS = YES;
				GCC_OPTIMIZATION_LEVEL = 0;
				GCC_PREPROCESSOR_DEFINITIONS = (
					"DEBUG=1",
					"$(inherited)",
				);
				GCC_WARN_64_TO_32_BIT_CONVERSION = YES;
				GCC_WARN_ABOUT_RETURN_TYPE = YES_ERROR;
				GCC_WARN_UNDECLARED_SELECTOR = YES;
				GCC_WARN_UNINITIALIZED_AUTOS = YES_AGGRESSIVE;
				GCC_WARN_UNUSED_FUNCTION = YES;
				GCC_WARN_UNUSED_VARIABLE = YES;
				IPHONEOS_DEPLOYMENT_TARGET = 15.5;
				MTL_ENABLE_DEBUG_INFO = INCLUDE_SOURCE;
				MTL_FAST_MATH = YES;
				ONLY_ACTIVE_ARCH = YES;
				SDKROOT = iphoneos;
				SWIFT_ACTIVE_COMPILATION_CONDITIONS = DEBUG;
				SWIFT_OPTIMIZATION_LEVEL = "-Onone";
			};
			name = Debug;
		};
		1F9198DE28A7DE6F007C099F /* Release */ = {
			isa = XCBuildConfiguration;
			buildSettings = {
				ALWAYS_SEARCH_USER_PATHS = NO;
				CLANG_ANALYZER_NONNULL = YES;
				CLANG_ANALYZER_NUMBER_OBJECT_CONVERSION = YES_AGGRESSIVE;
				CLANG_CXX_LANGUAGE_STANDARD = "gnu++17";
				CLANG_ENABLE_MODULES = YES;
				CLANG_ENABLE_OBJC_ARC = YES;
				CLANG_ENABLE_OBJC_WEAK = YES;
				CLANG_WARN_BLOCK_CAPTURE_AUTORELEASING = YES;
				CLANG_WARN_BOOL_CONVERSION = YES;
				CLANG_WARN_COMMA = YES;
				CLANG_WARN_CONSTANT_CONVERSION = YES;
				CLANG_WARN_DEPRECATED_OBJC_IMPLEMENTATIONS = YES;
				CLANG_WARN_DIRECT_OBJC_ISA_USAGE = YES_ERROR;
				CLANG_WARN_DOCUMENTATION_COMMENTS = YES;
				CLANG_WARN_EMPTY_BODY = YES;
				CLANG_WARN_ENUM_CONVERSION = YES;
				CLANG_WARN_INFINITE_RECURSION = YES;
				CLANG_WARN_INT_CONVERSION = YES;
				CLANG_WARN_NON_LITERAL_NULL_CONVERSION = YES;
				CLANG_WARN_OBJC_IMPLICIT_RETAIN_SELF = YES;
				CLANG_WARN_OBJC_LITERAL_CONVERSION = YES;
				CLANG_WARN_OBJC_ROOT_CLASS = YES_ERROR;
				CLANG_WARN_QUOTED_INCLUDE_IN_FRAMEWORK_HEADER = YES;
				CLANG_WARN_RANGE_LOOP_ANALYSIS = YES;
				CLANG_WARN_STRICT_PROTOTYPES = YES;
				CLANG_WARN_SUSPICIOUS_MOVE = YES;
				CLANG_WARN_UNGUARDED_AVAILABILITY = YES_AGGRESSIVE;
				CLANG_WARN_UNREACHABLE_CODE = YES;
				CLANG_WARN__DUPLICATE_METHOD_MATCH = YES;
				COPY_PHASE_STRIP = NO;
				DEBUG_INFORMATION_FORMAT = "dwarf-with-dsym";
				ENABLE_NS_ASSERTIONS = NO;
				ENABLE_STRICT_OBJC_MSGSEND = YES;
				GCC_C_LANGUAGE_STANDARD = gnu11;
				GCC_NO_COMMON_BLOCKS = YES;
				GCC_WARN_64_TO_32_BIT_CONVERSION = YES;
				GCC_WARN_ABOUT_RETURN_TYPE = YES_ERROR;
				GCC_WARN_UNDECLARED_SELECTOR = YES;
				GCC_WARN_UNINITIALIZED_AUTOS = YES_AGGRESSIVE;
				GCC_WARN_UNUSED_FUNCTION = YES;
				GCC_WARN_UNUSED_VARIABLE = YES;
				IPHONEOS_DEPLOYMENT_TARGET = 15.5;
				MTL_ENABLE_DEBUG_INFO = NO;
				MTL_FAST_MATH = YES;
				SDKROOT = iphoneos;
				SWIFT_COMPILATION_MODE = wholemodule;
				SWIFT_OPTIMIZATION_LEVEL = "-O";
				VALIDATE_PRODUCT = YES;
			};
			name = Release;
		};
		1F9198E028A7DE6F007C099F /* Debug */ = {
			isa = XCBuildConfiguration;
			buildSettings = {
				ASSETCATALOG_COMPILER_APPICON_NAME = AppIcon;
				ASSETCATALOG_COMPILER_GLOBAL_ACCENT_COLOR_NAME = AccentColor;
				CODE_SIGN_STYLE = Automatic;
				CURRENT_PROJECT_VERSION = 1;
				DEVELOPMENT_TEAM = 3P68P6X29Q;
				GENERATE_INFOPLIST_FILE = YES;
				INFOPLIST_FILE = "Sayı Tahmin Et/Info.plist";
				INFOPLIST_KEY_UIApplicationSupportsIndirectInputEvents = YES;
				INFOPLIST_KEY_UILaunchStoryboardName = LaunchScreen;
				INFOPLIST_KEY_UIMainStoryboardFile = Main;
				INFOPLIST_KEY_UISupportedInterfaceOrientations_iPad = "UIInterfaceOrientationPortrait UIInterfaceOrientationPortraitUpsideDown UIInterfaceOrientationLandscapeLeft UIInterfaceOrientationLandscapeRight";
				INFOPLIST_KEY_UISupportedInterfaceOrientations_iPhone = "UIInterfaceOrientationPortrait UIInterfaceOrientationLandscapeLeft UIInterfaceOrientationLandscapeRight";
				LD_RUNPATH_SEARCH_PATHS = (
					"$(inherited)",
					"@executable_path/Frameworks",
				);
				MARKETING_VERSION = 1.0;
				PRODUCT_BUNDLE_IDENTIFIER = "com.dehasuer.Say--Tahmin-Et";
				PRODUCT_NAME = "$(TARGET_NAME)";
				SWIFT_EMIT_LOC_STRINGS = YES;
				SWIFT_VERSION = 5.0;
				TARGETED_DEVICE_FAMILY = "1,2";
			};
			name = Debug;
		};
		1F9198E128A7DE6F007C099F /* Release */ = {
			isa = XCBuildConfiguration;
			buildSettings = {
				ASSETCATALOG_COMPILER_APPICON_NAME = AppIcon;
				ASSETCATALOG_COMPILER_GLOBAL_ACCENT_COLOR_NAME = AccentColor;
				CODE_SIGN_STYLE = Automatic;
				CURRENT_PROJECT_VERSION = 1;
				DEVELOPMENT_TEAM = 3P68P6X29Q;
				GENERATE_INFOPLIST_FILE = YES;
				INFOPLIST_FILE = "Sayı Tahmin Et/Info.plist";
				INFOPLIST_KEY_UIApplicationSupportsIndirectInputEvents = YES;
				INFOPLIST_KEY_UILaunchStoryboardName = LaunchScreen;
				INFOPLIST_KEY_UIMainStoryboardFile = Main;
				INFOPLIST_KEY_UISupportedInterfaceOrientations_iPad = "UIInterfaceOrientationPortrait UIInterfaceOrientationPortraitUpsideDown UIInterfaceOrientationLandscapeLeft UIInterfaceOrientationLandscapeRight";
				INFOPLIST_KEY_UISupportedInterfaceOrientations_iPhone = "UIInterfaceOrientationPortrait UIInterfaceOrientationLandscapeLeft UIInterfaceOrientationLandscapeRight";
				LD_RUNPATH_SEARCH_PATHS = (
					"$(inherited)",
					"@executable_path/Frameworks",
				);
				MARKETING_VERSION = 1.0;
				PRODUCT_BUNDLE_IDENTIFIER = "com.dehasuer.Say--Tahmin-Et";
				PRODUCT_NAME = "$(TARGET_NAME)";
				SWIFT_EMIT_LOC_STRINGS = YES;
				SWIFT_VERSION = 5.0;
				TARGETED_DEVICE_FAMILY = "1,2";
			};
			name = Release;
		};
		1F9198E328A7DE6F007C099F /* Debug */ = {
			isa = XCBuildConfiguration;
			buildSettings = {
				ALWAYS_EMBED_SWIFT_STANDARD_LIBRARIES = YES;
				BUNDLE_LOADER = "$(TEST_HOST)";
				CODE_SIGN_STYLE = Automatic;
				CURRENT_PROJECT_VERSION = 1;
				DEVELOPMENT_TEAM = 3P68P6X29Q;
				GENERATE_INFOPLIST_FILE = YES;
				IPHONEOS_DEPLOYMENT_TARGET = 15.5;
				MARKETING_VERSION = 1.0;
				PRODUCT_BUNDLE_IDENTIFIER = "com.dehasuer.Say--Tahmin-EtTests";
				PRODUCT_NAME = "$(TARGET_NAME)";
				SWIFT_EMIT_LOC_STRINGS = NO;
				SWIFT_VERSION = 5.0;
				TARGETED_DEVICE_FAMILY = "1,2";
				TEST_HOST = "$(BUILT_PRODUCTS_DIR)/Sayı Tahmin Et.app/Sayı Tahmin Et";
			};
			name = Debug;
		};
		1F9198E428A7DE6F007C099F /* Release */ = {
			isa = XCBuildConfiguration;
			buildSettings = {
				ALWAYS_EMBED_SWIFT_STANDARD_LIBRARIES = YES;
				BUNDLE_LOADER = "$(TEST_HOST)";
				CODE_SIGN_STYLE = Automatic;
				CURRENT_PROJECT_VERSION = 1;
				DEVELOPMENT_TEAM = 3P68P6X29Q;
				GENERATE_INFOPLIST_FILE = YES;
				IPHONEOS_DEPLOYMENT_TARGET = 15.5;
				MARKETING_VERSION = 1.0;
				PRODUCT_BUNDLE_IDENTIFIER = "com.dehasuer.Say--Tahmin-EtTests";
				PRODUCT_NAME = "$(TARGET_NAME)";
				SWIFT_EMIT_LOC_STRINGS = NO;
				SWIFT_VERSION = 5.0;
				TARGETED_DEVICE_FAMILY = "1,2";
				TEST_HOST = "$(BUILT_PRODUCTS_DIR)/Sayı Tahmin Et.app/Sayı Tahmin Et";
			};
			name = Release;
		};
		1F9198E628A7DE6F007C099F /* Debug */ = {
			isa = XCBuildConfiguration;
			buildSettings = {
				ALWAYS_EMBED_SWIFT_STANDARD_LIBRARIES = YES;
				CODE_SIGN_STYLE = Automatic;
				CURRENT_PROJECT_VERSION = 1;
				DEVELOPMENT_TEAM = 3P68P6X29Q;
				GENERATE_INFOPLIST_FILE = YES;
				MARKETING_VERSION = 1.0;
				PRODUCT_BUNDLE_IDENTIFIER = "com.dehasuer.Say--Tahmin-EtUITests";
				PRODUCT_NAME = "$(TARGET_NAME)";
				SWIFT_EMIT_LOC_STRINGS = NO;
				SWIFT_VERSION = 5.0;
				TARGETED_DEVICE_FAMILY = "1,2";
				TEST_TARGET_NAME = "Sayı Tahmin Et";
			};
			name = Debug;
		};
		1F9198E728A7DE6F007C099F /* Release */ = {
			isa = XCBuildConfiguration;
			buildSettings = {
				ALWAYS_EMBED_SWIFT_STANDARD_LIBRARIES = YES;
				CODE_SIGN_STYLE = Automatic;
				CURRENT_PROJECT_VERSION = 1;
				DEVELOPMENT_TEAM = 3P68P6X29Q;
				GENERATE_INFOPLIST_FILE = YES;
				MARKETING_VERSION = 1.0;
				PRODUCT_BUNDLE_IDENTIFIER = "com.dehasuer.Say--Tahmin-EtUITests";
				PRODUCT_NAME = "$(TARGET_NAME)";
				SWIFT_EMIT_LOC_STRINGS = NO;
				SWIFT_VERSION = 5.0;
				TARGETED_DEVICE_FAMILY = "1,2";
				TEST_TARGET_NAME = "Sayı Tahmin Et";
			};
			name = Release;
		};
/* End XCBuildConfiguration section */

/* Begin XCConfigurationList section */
		1F9198B028A7DE6E007C099F /* Build configuration list for PBXProject "Sayı Tahmin Et" */ = {
			isa = XCConfigurationList;
			buildConfigurations = (
				1F9198DD28A7DE6F007C099F /* Debug */,
				1F9198DE28A7DE6F007C099F /* Release */,
			);
			defaultConfigurationIsVisible = 0;
			defaultConfigurationName = Release;
		};
		1F9198DF28A7DE6F007C099F /* Build configuration list for PBXNativeTarget "Sayı Tahmin Et" */ = {
			isa = XCConfigurationList;
			buildConfigurations = (
				1F9198E028A7DE6F007C099F /* Debug */,
				1F9198E128A7DE6F007C099F /* Release */,
			);
			defaultConfigurationIsVisible = 0;
			defaultConfigurationName = Release;
		};
		1F9198E228A7DE6F007C099F /* Build configuration list for PBXNativeTarget "Sayı Tahmin EtTests" */ = {
			isa = XCConfigurationList;
			buildConfigurations = (
				1F9198E328A7DE6F007C099F /* Debug */,
				1F9198E428A7DE6F007C099F /* Release */,
			);
			defaultConfigurationIsVisible = 0;
			defaultConfigurationName = Release;
		};
		1F9198E528A7DE6F007C099F /* Build configuration list for PBXNativeTarget "Sayı Tahmin EtUITests" */ = {
			isa = XCConfigurationList;
			buildConfigurations = (
				1F9198E628A7DE6F007C099F /* Debug */,
				1F9198E728A7DE6F007C099F /* Release */,
			);
			defaultConfigurationIsVisible = 0;
			defaultConfigurationName = Release;
		};
/* End XCConfigurationList section */
	};
	rootObject = 1F9198AD28A7DE6E007C099F /* Project object */;
}
